
Microsoft Visual Studio Solution File, Format Version 12.00
# Visual Studio 15
VisualStudioVersion = 15.0.26730.8
MinimumVisualStudioVersion = 10.0.40219.1
Project("{F184B08F-C81C-45F6-A57F-5ABD9991F28F}") = "MazurCiC", "MazurCiC\MazurCiC.vbproj", "{B6FFB432-EECE-4F73-96B7-D9CA272337AC}"
EndProject
Global
	GlobalSection(SolutionConfigurationPlatforms) = preSolution
		Debug|ARM = Debug|ARM
		Debug|x64 = Debug|x64
		Debug|x86 = Debug|x86
		Release|ARM = Release|ARM
		Release|x64 = Release|x64
		Release|x86 = Release|x86
	EndGlobalSection
	GlobalSection(ProjectConfigurationPlatforms) = postSolution
		{B6FFB432-EECE-4F73-96B7-D9CA272337AC}.Debug|ARM.ActiveCfg = Debug|ARM
		{B6FFB432-EECE-4F73-96B7-D9CA272337AC}.Debug|ARM.Build.0 = Debug|ARM
		{B6FFB432-EECE-4F73-96B7-D9CA272337AC}.Debug|ARM.Deploy.0 = Debug|ARM
		{B6FFB432-EECE-4F73-96B7-D9CA272337AC}.Debug|x64.ActiveCfg = Debug|x64
		{B6FFB432-EECE-4F73-96B7-D9CA272337AC}.Debug|x64.Build.0 = Debug|x64
		{B6FFB432-EECE-4F73-96B7-D9CA272337AC}.Debug|x64.Deploy.0 = Debug|x64
		{B6FFB432-EECE-4F73-96B7-D9CA272337AC}.Debug|x86.ActiveCfg = Debug|x86
		{B6FFB432-EECE-4F73-96B7-D9CA272337AC}.Debug|x86.Build.0 = Debug|x86
		{B6FFB432-EECE-4F73-96B7-D9CA272337AC}.Debug|x86.Deploy.0 = Debug|x86
		{B6FFB432-EECE-4F73-96B7-D9CA272337AC}.Release|ARM.ActiveCfg = Release|ARM
		{B6FFB432-EECE-4F73-96B7-D9CA272337AC}.Release|ARM.Build.0 = Release|ARM
		{B6FFB432-EECE-4F73-96B7-D9CA272337AC}.Release|ARM.Deploy.0 = Release|ARM
		{B6FFB432-EECE-4F73-96B7-D9CA272337AC}.Release|x64.ActiveCfg = Release|x64
		{B6FFB432-EECE-4F73-96B7-D9CA272337AC}.Release|x64.Build.0 = Release|x64
		{B6FFB432-EECE-4F73-96B7-D9CA272337AC}.Release|x64.Deploy.0 = Release|x64
		{B6FFB432-EECE-4F73-96B7-D9CA272337AC}.Release|x86.ActiveCfg = Release|x86
		{B6FFB432-EECE-4F73-96B7-D9CA272337AC}.Release|x86.Build.0 = Release|x86
		{B6FFB432-EECE-4F73-96B7-D9CA272337AC}.Release|x86.Deploy.0 = Release|x86
	EndGlobalSection
	GlobalSection(SolutionProperties) = preSolution
		HideSolutionNode = FALSE
	EndGlobalSection
	GlobalSection(ExtensibilityGlobals) = postSolution
		SolutionGuid = {CD19D6B0-37C7-46B4-9487-5FB52C998BE6}
	EndGlobalSection
EndGlobal
