
Microsoft Visual Studio Solution File, Format Version 12.00
# Visual Studio Version 16
VisualStudioVersion = 16.0.29613.14
MinimumVisualStudioVersion = 10.0.40219.1
Project("{F184B08F-C81C-45F6-A57F-5ABD9991F28F}") = "MazurCiC_VB", "MazurCiC\MazurCiC_VB.vbproj", "{B6FFB432-EECE-4F73-96B7-D9CA272337AC}"
EndProject
Project("{D954291E-2A0B-460D-934E-DC6B0785DB48}") = "MazurCiC_Uno.Shared", "MazurCiC_Uno\MazurCiC_Uno.Shared\MazurCiC_Uno.Shared.shproj", "{6279C845-92F8-4333-AB99-3D213163593C}"
EndProject
Project("{FAE04EC0-301F-11D3-BF4B-00C04F79EFBC}") = "MazurCiC_Uno.Droid", "MazurCiC_Uno\MazurCiC_Uno.Droid\MazurCiC_Uno.Droid.csproj", "{B756D849-4339-4D50-BA71-97A450D33411}"
EndProject
Project("{FAE04EC0-301F-11D3-BF4B-00C04F79EFBC}") = "MazurCiC_Uno.iOS", "MazurCiC_Uno\MazurCiC_Uno.iOS\MazurCiC_Uno.iOS.csproj", "{C85A25DC-4E9B-41B8-B47E-648D09CAA905}"
EndProject
Project("{FAE04EC0-301F-11D3-BF4B-00C04F79EFBC}") = "MazurCiC_Uno.UWP", "MazurCiC_Uno\MazurCiC_Uno.UWP\MazurCiC_Uno.UWP.csproj", "{60FA2CF6-2BD8-4C2B-8FBA-48B2E2E483E1}"
EndProject
Project("{9A19103F-16F7-4668-BE54-9A1E7A4F7556}") = "MazurCiC_Uno.Wasm", "MazurCiC_Uno\MazurCiC_Uno.Wasm\MazurCiC_Uno.Wasm.csproj", "{7C5CA78A-1137-414D-997C-E0B6B50C45EB}"
EndProject
Global
	GlobalSection(SharedMSBuildProjectFiles) = preSolution
		MazurCiC_Uno\MazurCiC_Uno.Shared\MazurCiC_Uno.Shared.projitems*{60fa2cf6-2bd8-4c2b-8fba-48b2e2e483e1}*SharedItemsImports = 4
		MazurCiC_Uno\MazurCiC_Uno.Shared\MazurCiC_Uno.Shared.projitems*{6279c845-92f8-4333-ab99-3d213163593c}*SharedItemsImports = 13
		MazurCiC_Uno\MazurCiC_Uno.Shared\MazurCiC_Uno.Shared.projitems*{b756d849-4339-4d50-ba71-97a450d33411}*SharedItemsImports = 4
		MazurCiC_Uno\MazurCiC_Uno.Shared\MazurCiC_Uno.Shared.projitems*{c85a25dc-4e9b-41b8-b47e-648d09caa905}*SharedItemsImports = 4
	EndGlobalSection
	GlobalSection(SolutionConfigurationPlatforms) = preSolution
		Ad-Hoc|Any CPU = Ad-Hoc|Any CPU
		Ad-Hoc|ARM = Ad-Hoc|ARM
		Ad-Hoc|iPhone = Ad-Hoc|iPhone
		Ad-Hoc|iPhoneSimulator = Ad-Hoc|iPhoneSimulator
		Ad-Hoc|x64 = Ad-Hoc|x64
		Ad-Hoc|x86 = Ad-Hoc|x86
		AppStore|Any CPU = AppStore|Any CPU
		AppStore|ARM = AppStore|ARM
		AppStore|iPhone = AppStore|iPhone
		AppStore|iPhoneSimulator = AppStore|iPhoneSimulator
		AppStore|x64 = AppStore|x64
		AppStore|x86 = AppStore|x86
		Debug|Any CPU = Debug|Any CPU
		Debug|ARM = Debug|ARM
		Debug|iPhone = Debug|iPhone
		Debug|iPhoneSimulator = Debug|iPhoneSimulator
		Debug|x64 = Debug|x64
		Debug|x86 = Debug|x86
		Release|Any CPU = Release|Any CPU
		Release|ARM = Release|ARM
		Release|iPhone = Release|iPhone
		Release|iPhoneSimulator = Release|iPhoneSimulator
		Release|x64 = Release|x64
		Release|x86 = Release|x86
	EndGlobalSection
	GlobalSection(ProjectConfigurationPlatforms) = postSolution
		{B6FFB432-EECE-4F73-96B7-D9CA272337AC}.Ad-Hoc|Any CPU.ActiveCfg = Release|x86
		{B6FFB432-EECE-4F73-96B7-D9CA272337AC}.Ad-Hoc|Any CPU.Build.0 = Release|x86
		{B6FFB432-EECE-4F73-96B7-D9CA272337AC}.Ad-Hoc|Any CPU.Deploy.0 = Release|x86
		{B6FFB432-EECE-4F73-96B7-D9CA272337AC}.Ad-Hoc|ARM.ActiveCfg = Release|ARM
		{B6FFB432-EECE-4F73-96B7-D9CA272337AC}.Ad-Hoc|ARM.Build.0 = Release|ARM
		{B6FFB432-EECE-4F73-96B7-D9CA272337AC}.Ad-Hoc|ARM.Deploy.0 = Release|ARM
		{B6FFB432-EECE-4F73-96B7-D9CA272337AC}.Ad-Hoc|iPhone.ActiveCfg = Release|x86
		{B6FFB432-EECE-4F73-96B7-D9CA272337AC}.Ad-Hoc|iPhone.Build.0 = Release|x86
		{B6FFB432-EECE-4F73-96B7-D9CA272337AC}.Ad-Hoc|iPhone.Deploy.0 = Release|x86
		{B6FFB432-EECE-4F73-96B7-D9CA272337AC}.Ad-Hoc|iPhoneSimulator.ActiveCfg = Release|x86
		{B6FFB432-EECE-4F73-96B7-D9CA272337AC}.Ad-Hoc|iPhoneSimulator.Build.0 = Release|x86
		{B6FFB432-EECE-4F73-96B7-D9CA272337AC}.Ad-Hoc|iPhoneSimulator.Deploy.0 = Release|x86
		{B6FFB432-EECE-4F73-96B7-D9CA272337AC}.Ad-Hoc|x64.ActiveCfg = Release|x64
		{B6FFB432-EECE-4F73-96B7-D9CA272337AC}.Ad-Hoc|x64.Build.0 = Release|x64
		{B6FFB432-EECE-4F73-96B7-D9CA272337AC}.Ad-Hoc|x64.Deploy.0 = Release|x64
		{B6FFB432-EECE-4F73-96B7-D9CA272337AC}.Ad-Hoc|x86.ActiveCfg = Release|x86
		{B6FFB432-EECE-4F73-96B7-D9CA272337AC}.Ad-Hoc|x86.Build.0 = Release|x86
		{B6FFB432-EECE-4F73-96B7-D9CA272337AC}.Ad-Hoc|x86.Deploy.0 = Release|x86
		{B6FFB432-EECE-4F73-96B7-D9CA272337AC}.AppStore|Any CPU.ActiveCfg = Release|x86
		{B6FFB432-EECE-4F73-96B7-D9CA272337AC}.AppStore|Any CPU.Build.0 = Release|x86
		{B6FFB432-EECE-4F73-96B7-D9CA272337AC}.AppStore|Any CPU.Deploy.0 = Release|x86
		{B6FFB432-EECE-4F73-96B7-D9CA272337AC}.AppStore|ARM.ActiveCfg = Release|ARM
		{B6FFB432-EECE-4F73-96B7-D9CA272337AC}.AppStore|ARM.Build.0 = Release|ARM
		{B6FFB432-EECE-4F73-96B7-D9CA272337AC}.AppStore|ARM.Deploy.0 = Release|ARM
		{B6FFB432-EECE-4F73-96B7-D9CA272337AC}.AppStore|iPhone.ActiveCfg = Release|x86
		{B6FFB432-EECE-4F73-96B7-D9CA272337AC}.AppStore|iPhone.Build.0 = Release|x86
		{B6FFB432-EECE-4F73-96B7-D9CA272337AC}.AppStore|iPhone.Deploy.0 = Release|x86
		{B6FFB432-EECE-4F73-96B7-D9CA272337AC}.AppStore|iPhoneSimulator.ActiveCfg = Release|x86
		{B6FFB432-EECE-4F73-96B7-D9CA272337AC}.AppStore|iPhoneSimulator.Build.0 = Release|x86
		{B6FFB432-EECE-4F73-96B7-D9CA272337AC}.AppStore|iPhoneSimulator.Deploy.0 = Release|x86
		{B6FFB432-EECE-4F73-96B7-D9CA272337AC}.AppStore|x64.ActiveCfg = Release|x64
		{B6FFB432-EECE-4F73-96B7-D9CA272337AC}.AppStore|x64.Build.0 = Release|x64
		{B6FFB432-EECE-4F73-96B7-D9CA272337AC}.AppStore|x64.Deploy.0 = Release|x64
		{B6FFB432-EECE-4F73-96B7-D9CA272337AC}.AppStore|x86.ActiveCfg = Release|x86
		{B6FFB432-EECE-4F73-96B7-D9CA272337AC}.AppStore|x86.Build.0 = Release|x86
		{B6FFB432-EECE-4F73-96B7-D9CA272337AC}.AppStore|x86.Deploy.0 = Release|x86
		{B6FFB432-EECE-4F73-96B7-D9CA272337AC}.Debug|Any CPU.ActiveCfg = Debug|x86
		{B6FFB432-EECE-4F73-96B7-D9CA272337AC}.Debug|ARM.ActiveCfg = Debug|ARM
		{B6FFB432-EECE-4F73-96B7-D9CA272337AC}.Debug|ARM.Build.0 = Debug|ARM
		{B6FFB432-EECE-4F73-96B7-D9CA272337AC}.Debug|ARM.Deploy.0 = Debug|ARM
		{B6FFB432-EECE-4F73-96B7-D9CA272337AC}.Debug|iPhone.ActiveCfg = Debug|x86
		{B6FFB432-EECE-4F73-96B7-D9CA272337AC}.Debug|iPhoneSimulator.ActiveCfg = Debug|x86
		{B6FFB432-EECE-4F73-96B7-D9CA272337AC}.Debug|x64.ActiveCfg = Debug|x64
		{B6FFB432-EECE-4F73-96B7-D9CA272337AC}.Debug|x64.Build.0 = Debug|x64
		{B6FFB432-EECE-4F73-96B7-D9CA272337AC}.Debug|x64.Deploy.0 = Debug|x64
		{B6FFB432-EECE-4F73-96B7-D9CA272337AC}.Debug|x86.ActiveCfg = Debug|x86
		{B6FFB432-EECE-4F73-96B7-D9CA272337AC}.Debug|x86.Build.0 = Debug|x86
		{B6FFB432-EECE-4F73-96B7-D9CA272337AC}.Debug|x86.Deploy.0 = Debug|x86
		{B6FFB432-EECE-4F73-96B7-D9CA272337AC}.Release|Any CPU.ActiveCfg = Release|x86
		{B6FFB432-EECE-4F73-96B7-D9CA272337AC}.Release|ARM.ActiveCfg = Release|ARM
		{B6FFB432-EECE-4F73-96B7-D9CA272337AC}.Release|ARM.Build.0 = Release|ARM
		{B6FFB432-EECE-4F73-96B7-D9CA272337AC}.Release|ARM.Deploy.0 = Release|ARM
		{B6FFB432-EECE-4F73-96B7-D9CA272337AC}.Release|iPhone.ActiveCfg = Release|x86
		{B6FFB432-EECE-4F73-96B7-D9CA272337AC}.Release|iPhoneSimulator.ActiveCfg = Release|x86
		{B6FFB432-EECE-4F73-96B7-D9CA272337AC}.Release|x64.ActiveCfg = Release|x64
		{B6FFB432-EECE-4F73-96B7-D9CA272337AC}.Release|x64.Build.0 = Release|x64
		{B6FFB432-EECE-4F73-96B7-D9CA272337AC}.Release|x64.Deploy.0 = Release|x64
		{B6FFB432-EECE-4F73-96B7-D9CA272337AC}.Release|x86.ActiveCfg = Release|x86
		{B6FFB432-EECE-4F73-96B7-D9CA272337AC}.Release|x86.Build.0 = Release|x86
		{B6FFB432-EECE-4F73-96B7-D9CA272337AC}.Release|x86.Deploy.0 = Release|x86
		{B756D849-4339-4D50-BA71-97A450D33411}.Ad-Hoc|Any CPU.ActiveCfg = Release|Any CPU
		{B756D849-4339-4D50-BA71-97A450D33411}.Ad-Hoc|Any CPU.Build.0 = Release|Any CPU
		{B756D849-4339-4D50-BA71-97A450D33411}.Ad-Hoc|Any CPU.Deploy.0 = Release|Any CPU
		{B756D849-4339-4D50-BA71-97A450D33411}.Ad-Hoc|ARM.ActiveCfg = Release|Any CPU
		{B756D849-4339-4D50-BA71-97A450D33411}.Ad-Hoc|ARM.Build.0 = Release|Any CPU
		{B756D849-4339-4D50-BA71-97A450D33411}.Ad-Hoc|ARM.Deploy.0 = Release|Any CPU
		{B756D849-4339-4D50-BA71-97A450D33411}.Ad-Hoc|iPhone.ActiveCfg = Release|Any CPU
		{B756D849-4339-4D50-BA71-97A450D33411}.Ad-Hoc|iPhone.Build.0 = Release|Any CPU
		{B756D849-4339-4D50-BA71-97A450D33411}.Ad-Hoc|iPhone.Deploy.0 = Release|Any CPU
		{B756D849-4339-4D50-BA71-97A450D33411}.Ad-Hoc|iPhoneSimulator.ActiveCfg = Release|Any CPU
		{B756D849-4339-4D50-BA71-97A450D33411}.Ad-Hoc|iPhoneSimulator.Build.0 = Release|Any CPU
		{B756D849-4339-4D50-BA71-97A450D33411}.Ad-Hoc|iPhoneSimulator.Deploy.0 = Release|Any CPU
		{B756D849-4339-4D50-BA71-97A450D33411}.Ad-Hoc|x64.ActiveCfg = Release|Any CPU
		{B756D849-4339-4D50-BA71-97A450D33411}.Ad-Hoc|x64.Build.0 = Release|Any CPU
		{B756D849-4339-4D50-BA71-97A450D33411}.Ad-Hoc|x64.Deploy.0 = Release|Any CPU
		{B756D849-4339-4D50-BA71-97A450D33411}.Ad-Hoc|x86.ActiveCfg = Release|Any CPU
		{B756D849-4339-4D50-BA71-97A450D33411}.Ad-Hoc|x86.Build.0 = Release|Any CPU
		{B756D849-4339-4D50-BA71-97A450D33411}.Ad-Hoc|x86.Deploy.0 = Release|Any CPU
		{B756D849-4339-4D50-BA71-97A450D33411}.AppStore|Any CPU.ActiveCfg = Release|Any CPU
		{B756D849-4339-4D50-BA71-97A450D33411}.AppStore|Any CPU.Build.0 = Release|Any CPU
		{B756D849-4339-4D50-BA71-97A450D33411}.AppStore|Any CPU.Deploy.0 = Release|Any CPU
		{B756D849-4339-4D50-BA71-97A450D33411}.AppStore|ARM.ActiveCfg = Release|Any CPU
		{B756D849-4339-4D50-BA71-97A450D33411}.AppStore|ARM.Build.0 = Release|Any CPU
		{B756D849-4339-4D50-BA71-97A450D33411}.AppStore|ARM.Deploy.0 = Release|Any CPU
		{B756D849-4339-4D50-BA71-97A450D33411}.AppStore|iPhone.ActiveCfg = Release|Any CPU
		{B756D849-4339-4D50-BA71-97A450D33411}.AppStore|iPhone.Build.0 = Release|Any CPU
		{B756D849-4339-4D50-BA71-97A450D33411}.AppStore|iPhone.Deploy.0 = Release|Any CPU
		{B756D849-4339-4D50-BA71-97A450D33411}.AppStore|iPhoneSimulator.ActiveCfg = Release|Any CPU
		{B756D849-4339-4D50-BA71-97A450D33411}.AppStore|iPhoneSimulator.Build.0 = Release|Any CPU
		{B756D849-4339-4D50-BA71-97A450D33411}.AppStore|iPhoneSimulator.Deploy.0 = Release|Any CPU
		{B756D849-4339-4D50-BA71-97A450D33411}.AppStore|x64.ActiveCfg = Release|Any CPU
		{B756D849-4339-4D50-BA71-97A450D33411}.AppStore|x64.Build.0 = Release|Any CPU
		{B756D849-4339-4D50-BA71-97A450D33411}.AppStore|x64.Deploy.0 = Release|Any CPU
		{B756D849-4339-4D50-BA71-97A450D33411}.AppStore|x86.ActiveCfg = Release|Any CPU
		{B756D849-4339-4D50-BA71-97A450D33411}.AppStore|x86.Build.0 = Release|Any CPU
		{B756D849-4339-4D50-BA71-97A450D33411}.AppStore|x86.Deploy.0 = Release|Any CPU
		{B756D849-4339-4D50-BA71-97A450D33411}.Debug|Any CPU.ActiveCfg = Debug|Any CPU
		{B756D849-4339-4D50-BA71-97A450D33411}.Debug|Any CPU.Build.0 = Debug|Any CPU
		{B756D849-4339-4D50-BA71-97A450D33411}.Debug|Any CPU.Deploy.0 = Debug|Any CPU
		{B756D849-4339-4D50-BA71-97A450D33411}.Debug|ARM.ActiveCfg = Debug|Any CPU
		{B756D849-4339-4D50-BA71-97A450D33411}.Debug|ARM.Build.0 = Debug|Any CPU
		{B756D849-4339-4D50-BA71-97A450D33411}.Debug|ARM.Deploy.0 = Debug|Any CPU
		{B756D849-4339-4D50-BA71-97A450D33411}.Debug|iPhone.ActiveCfg = Debug|Any CPU
		{B756D849-4339-4D50-BA71-97A450D33411}.Debug|iPhone.Build.0 = Debug|Any CPU
		{B756D849-4339-4D50-BA71-97A450D33411}.Debug|iPhone.Deploy.0 = Debug|Any CPU
		{B756D849-4339-4D50-BA71-97A450D33411}.Debug|iPhoneSimulator.ActiveCfg = Debug|Any CPU
		{B756D849-4339-4D50-BA71-97A450D33411}.Debug|iPhoneSimulator.Build.0 = Debug|Any CPU
		{B756D849-4339-4D50-BA71-97A450D33411}.Debug|iPhoneSimulator.Deploy.0 = Debug|Any CPU
		{B756D849-4339-4D50-BA71-97A450D33411}.Debug|x64.ActiveCfg = Debug|Any CPU
		{B756D849-4339-4D50-BA71-97A450D33411}.Debug|x64.Build.0 = Debug|Any CPU
		{B756D849-4339-4D50-BA71-97A450D33411}.Debug|x64.Deploy.0 = Debug|Any CPU
		{B756D849-4339-4D50-BA71-97A450D33411}.Debug|x86.ActiveCfg = Debug|Any CPU
		{B756D849-4339-4D50-BA71-97A450D33411}.Debug|x86.Build.0 = Debug|Any CPU
		{B756D849-4339-4D50-BA71-97A450D33411}.Debug|x86.Deploy.0 = Debug|Any CPU
		{B756D849-4339-4D50-BA71-97A450D33411}.Release|Any CPU.ActiveCfg = Release|Any CPU
		{B756D849-4339-4D50-BA71-97A450D33411}.Release|Any CPU.Build.0 = Release|Any CPU
		{B756D849-4339-4D50-BA71-97A450D33411}.Release|Any CPU.Deploy.0 = Release|Any CPU
		{B756D849-4339-4D50-BA71-97A450D33411}.Release|ARM.ActiveCfg = Release|Any CPU
		{B756D849-4339-4D50-BA71-97A450D33411}.Release|ARM.Build.0 = Release|Any CPU
		{B756D849-4339-4D50-BA71-97A450D33411}.Release|ARM.Deploy.0 = Release|Any CPU
		{B756D849-4339-4D50-BA71-97A450D33411}.Release|iPhone.ActiveCfg = Release|Any CPU
		{B756D849-4339-4D50-BA71-97A450D33411}.Release|iPhone.Build.0 = Release|Any CPU
		{B756D849-4339-4D50-BA71-97A450D33411}.Release|iPhone.Deploy.0 = Release|Any CPU
		{B756D849-4339-4D50-BA71-97A450D33411}.Release|iPhoneSimulator.ActiveCfg = Release|Any CPU
		{B756D849-4339-4D50-BA71-97A450D33411}.Release|iPhoneSimulator.Build.0 = Release|Any CPU
		{B756D849-4339-4D50-BA71-97A450D33411}.Release|iPhoneSimulator.Deploy.0 = Release|Any CPU
		{B756D849-4339-4D50-BA71-97A450D33411}.Release|x64.ActiveCfg = Release|Any CPU
		{B756D849-4339-4D50-BA71-97A450D33411}.Release|x64.Build.0 = Release|Any CPU
		{B756D849-4339-4D50-BA71-97A450D33411}.Release|x64.Deploy.0 = Release|Any CPU
		{B756D849-4339-4D50-BA71-97A450D33411}.Release|x86.ActiveCfg = Release|Any CPU
		{B756D849-4339-4D50-BA71-97A450D33411}.Release|x86.Build.0 = Release|Any CPU
		{B756D849-4339-4D50-BA71-97A450D33411}.Release|x86.Deploy.0 = Release|Any CPU
		{C85A25DC-4E9B-41B8-B47E-648D09CAA905}.Ad-Hoc|Any CPU.ActiveCfg = Ad-Hoc|iPhone
		{C85A25DC-4E9B-41B8-B47E-648D09CAA905}.Ad-Hoc|ARM.ActiveCfg = Ad-Hoc|iPhone
		{C85A25DC-4E9B-41B8-B47E-648D09CAA905}.Ad-Hoc|iPhone.ActiveCfg = Ad-Hoc|iPhone
		{C85A25DC-4E9B-41B8-B47E-648D09CAA905}.Ad-Hoc|iPhone.Build.0 = Ad-Hoc|iPhone
		{C85A25DC-4E9B-41B8-B47E-648D09CAA905}.Ad-Hoc|iPhoneSimulator.ActiveCfg = Ad-Hoc|iPhoneSimulator
		{C85A25DC-4E9B-41B8-B47E-648D09CAA905}.Ad-Hoc|iPhoneSimulator.Build.0 = Ad-Hoc|iPhoneSimulator
		{C85A25DC-4E9B-41B8-B47E-648D09CAA905}.Ad-Hoc|x64.ActiveCfg = Ad-Hoc|iPhone
		{C85A25DC-4E9B-41B8-B47E-648D09CAA905}.Ad-Hoc|x86.ActiveCfg = Ad-Hoc|iPhone
		{C85A25DC-4E9B-41B8-B47E-648D09CAA905}.AppStore|Any CPU.ActiveCfg = AppStore|iPhone
		{C85A25DC-4E9B-41B8-B47E-648D09CAA905}.AppStore|ARM.ActiveCfg = AppStore|iPhone
		{C85A25DC-4E9B-41B8-B47E-648D09CAA905}.AppStore|iPhone.ActiveCfg = AppStore|iPhone
		{C85A25DC-4E9B-41B8-B47E-648D09CAA905}.AppStore|iPhone.Build.0 = AppStore|iPhone
		{C85A25DC-4E9B-41B8-B47E-648D09CAA905}.AppStore|iPhoneSimulator.ActiveCfg = AppStore|iPhoneSimulator
		{C85A25DC-4E9B-41B8-B47E-648D09CAA905}.AppStore|iPhoneSimulator.Build.0 = AppStore|iPhoneSimulator
		{C85A25DC-4E9B-41B8-B47E-648D09CAA905}.AppStore|x64.ActiveCfg = AppStore|iPhone
		{C85A25DC-4E9B-41B8-B47E-648D09CAA905}.AppStore|x86.ActiveCfg = AppStore|iPhone
		{C85A25DC-4E9B-41B8-B47E-648D09CAA905}.Debug|Any CPU.ActiveCfg = Debug|iPhone
		{C85A25DC-4E9B-41B8-B47E-648D09CAA905}.Debug|ARM.ActiveCfg = Debug|iPhone
		{C85A25DC-4E9B-41B8-B47E-648D09CAA905}.Debug|iPhone.ActiveCfg = Debug|iPhone
		{C85A25DC-4E9B-41B8-B47E-648D09CAA905}.Debug|iPhone.Build.0 = Debug|iPhone
		{C85A25DC-4E9B-41B8-B47E-648D09CAA905}.Debug|iPhoneSimulator.ActiveCfg = Debug|iPhoneSimulator
		{C85A25DC-4E9B-41B8-B47E-648D09CAA905}.Debug|iPhoneSimulator.Build.0 = Debug|iPhoneSimulator
		{C85A25DC-4E9B-41B8-B47E-648D09CAA905}.Debug|x64.ActiveCfg = Debug|iPhone
		{C85A25DC-4E9B-41B8-B47E-648D09CAA905}.Debug|x86.ActiveCfg = Debug|iPhone
		{C85A25DC-4E9B-41B8-B47E-648D09CAA905}.Release|Any CPU.ActiveCfg = Release|iPhone
		{C85A25DC-4E9B-41B8-B47E-648D09CAA905}.Release|ARM.ActiveCfg = Release|iPhone
		{C85A25DC-4E9B-41B8-B47E-648D09CAA905}.Release|iPhone.ActiveCfg = Release|iPhone
		{C85A25DC-4E9B-41B8-B47E-648D09CAA905}.Release|iPhone.Build.0 = Release|iPhone
		{C85A25DC-4E9B-41B8-B47E-648D09CAA905}.Release|iPhoneSimulator.ActiveCfg = Release|iPhoneSimulator
		{C85A25DC-4E9B-41B8-B47E-648D09CAA905}.Release|iPhoneSimulator.Build.0 = Release|iPhoneSimulator
		{C85A25DC-4E9B-41B8-B47E-648D09CAA905}.Release|x64.ActiveCfg = Release|iPhone
		{C85A25DC-4E9B-41B8-B47E-648D09CAA905}.Release|x86.ActiveCfg = Release|iPhone
		{60FA2CF6-2BD8-4C2B-8FBA-48B2E2E483E1}.Ad-Hoc|Any CPU.ActiveCfg = Release|x64
		{60FA2CF6-2BD8-4C2B-8FBA-48B2E2E483E1}.Ad-Hoc|Any CPU.Build.0 = Release|x64
		{60FA2CF6-2BD8-4C2B-8FBA-48B2E2E483E1}.Ad-Hoc|Any CPU.Deploy.0 = Release|x64
		{60FA2CF6-2BD8-4C2B-8FBA-48B2E2E483E1}.Ad-Hoc|ARM.ActiveCfg = Release|ARM
		{60FA2CF6-2BD8-4C2B-8FBA-48B2E2E483E1}.Ad-Hoc|ARM.Build.0 = Release|ARM
		{60FA2CF6-2BD8-4C2B-8FBA-48B2E2E483E1}.Ad-Hoc|ARM.Deploy.0 = Release|ARM
		{60FA2CF6-2BD8-4C2B-8FBA-48B2E2E483E1}.Ad-Hoc|iPhone.ActiveCfg = Release|x64
		{60FA2CF6-2BD8-4C2B-8FBA-48B2E2E483E1}.Ad-Hoc|iPhone.Build.0 = Release|x64
		{60FA2CF6-2BD8-4C2B-8FBA-48B2E2E483E1}.Ad-Hoc|iPhone.Deploy.0 = Release|x64
		{60FA2CF6-2BD8-4C2B-8FBA-48B2E2E483E1}.Ad-Hoc|iPhoneSimulator.ActiveCfg = Release|x64
		{60FA2CF6-2BD8-4C2B-8FBA-48B2E2E483E1}.Ad-Hoc|iPhoneSimulator.Build.0 = Release|x64
		{60FA2CF6-2BD8-4C2B-8FBA-48B2E2E483E1}.Ad-Hoc|iPhoneSimulator.Deploy.0 = Release|x64
		{60FA2CF6-2BD8-4C2B-8FBA-48B2E2E483E1}.Ad-Hoc|x64.ActiveCfg = Release|x64
		{60FA2CF6-2BD8-4C2B-8FBA-48B2E2E483E1}.Ad-Hoc|x64.Build.0 = Release|x64
		{60FA2CF6-2BD8-4C2B-8FBA-48B2E2E483E1}.Ad-Hoc|x64.Deploy.0 = Release|x64
		{60FA2CF6-2BD8-4C2B-8FBA-48B2E2E483E1}.Ad-Hoc|x86.ActiveCfg = Release|x86
		{60FA2CF6-2BD8-4C2B-8FBA-48B2E2E483E1}.Ad-Hoc|x86.Build.0 = Release|x86
		{60FA2CF6-2BD8-4C2B-8FBA-48B2E2E483E1}.Ad-Hoc|x86.Deploy.0 = Release|x86
		{60FA2CF6-2BD8-4C2B-8FBA-48B2E2E483E1}.AppStore|Any CPU.ActiveCfg = Release|x64
		{60FA2CF6-2BD8-4C2B-8FBA-48B2E2E483E1}.AppStore|Any CPU.Build.0 = Release|x64
		{60FA2CF6-2BD8-4C2B-8FBA-48B2E2E483E1}.AppStore|Any CPU.Deploy.0 = Release|x64
		{60FA2CF6-2BD8-4C2B-8FBA-48B2E2E483E1}.AppStore|ARM.ActiveCfg = Release|ARM
		{60FA2CF6-2BD8-4C2B-8FBA-48B2E2E483E1}.AppStore|ARM.Build.0 = Release|ARM
		{60FA2CF6-2BD8-4C2B-8FBA-48B2E2E483E1}.AppStore|ARM.Deploy.0 = Release|ARM
		{60FA2CF6-2BD8-4C2B-8FBA-48B2E2E483E1}.AppStore|iPhone.ActiveCfg = Release|x64
		{60FA2CF6-2BD8-4C2B-8FBA-48B2E2E483E1}.AppStore|iPhone.Build.0 = Release|x64
		{60FA2CF6-2BD8-4C2B-8FBA-48B2E2E483E1}.AppStore|iPhone.Deploy.0 = Release|x64
		{60FA2CF6-2BD8-4C2B-8FBA-48B2E2E483E1}.AppStore|iPhoneSimulator.ActiveCfg = Release|x64
		{60FA2CF6-2BD8-4C2B-8FBA-48B2E2E483E1}.AppStore|iPhoneSimulator.Build.0 = Release|x64
		{60FA2CF6-2BD8-4C2B-8FBA-48B2E2E483E1}.AppStore|iPhoneSimulator.Deploy.0 = Release|x64
		{60FA2CF6-2BD8-4C2B-8FBA-48B2E2E483E1}.AppStore|x64.ActiveCfg = Release|x64
		{60FA2CF6-2BD8-4C2B-8FBA-48B2E2E483E1}.AppStore|x64.Build.0 = Release|x64
		{60FA2CF6-2BD8-4C2B-8FBA-48B2E2E483E1}.AppStore|x64.Deploy.0 = Release|x64
		{60FA2CF6-2BD8-4C2B-8FBA-48B2E2E483E1}.AppStore|x86.ActiveCfg = Release|x86
		{60FA2CF6-2BD8-4C2B-8FBA-48B2E2E483E1}.AppStore|x86.Build.0 = Release|x86
		{60FA2CF6-2BD8-4C2B-8FBA-48B2E2E483E1}.AppStore|x86.Deploy.0 = Release|x86
		{60FA2CF6-2BD8-4C2B-8FBA-48B2E2E483E1}.Debug|Any CPU.ActiveCfg = Debug|x86
		{60FA2CF6-2BD8-4C2B-8FBA-48B2E2E483E1}.Debug|ARM.ActiveCfg = Debug|ARM
		{60FA2CF6-2BD8-4C2B-8FBA-48B2E2E483E1}.Debug|ARM.Build.0 = Debug|ARM
		{60FA2CF6-2BD8-4C2B-8FBA-48B2E2E483E1}.Debug|ARM.Deploy.0 = Debug|ARM
		{60FA2CF6-2BD8-4C2B-8FBA-48B2E2E483E1}.Debug|iPhone.ActiveCfg = Debug|x86
		{60FA2CF6-2BD8-4C2B-8FBA-48B2E2E483E1}.Debug|iPhoneSimulator.ActiveCfg = Debug|x86
		{60FA2CF6-2BD8-4C2B-8FBA-48B2E2E483E1}.Debug|x64.ActiveCfg = Debug|x64
		{60FA2CF6-2BD8-4C2B-8FBA-48B2E2E483E1}.Debug|x64.Build.0 = Debug|x64
		{60FA2CF6-2BD8-4C2B-8FBA-48B2E2E483E1}.Debug|x64.Deploy.0 = Debug|x64
		{60FA2CF6-2BD8-4C2B-8FBA-48B2E2E483E1}.Debug|x86.ActiveCfg = Debug|x86
		{60FA2CF6-2BD8-4C2B-8FBA-48B2E2E483E1}.Debug|x86.Build.0 = Debug|x86
		{60FA2CF6-2BD8-4C2B-8FBA-48B2E2E483E1}.Debug|x86.Deploy.0 = Debug|x86
		{60FA2CF6-2BD8-4C2B-8FBA-48B2E2E483E1}.Release|Any CPU.ActiveCfg = Release|x86
		{60FA2CF6-2BD8-4C2B-8FBA-48B2E2E483E1}.Release|ARM.ActiveCfg = Release|ARM
		{60FA2CF6-2BD8-4C2B-8FBA-48B2E2E483E1}.Release|ARM.Build.0 = Release|ARM
		{60FA2CF6-2BD8-4C2B-8FBA-48B2E2E483E1}.Release|ARM.Deploy.0 = Release|ARM
		{60FA2CF6-2BD8-4C2B-8FBA-48B2E2E483E1}.Release|iPhone.ActiveCfg = Release|x86
		{60FA2CF6-2BD8-4C2B-8FBA-48B2E2E483E1}.Release|iPhoneSimulator.ActiveCfg = Release|x86
		{60FA2CF6-2BD8-4C2B-8FBA-48B2E2E483E1}.Release|x64.ActiveCfg = Release|x64
		{60FA2CF6-2BD8-4C2B-8FBA-48B2E2E483E1}.Release|x64.Build.0 = Release|x64
		{60FA2CF6-2BD8-4C2B-8FBA-48B2E2E483E1}.Release|x64.Deploy.0 = Release|x64
		{60FA2CF6-2BD8-4C2B-8FBA-48B2E2E483E1}.Release|x86.ActiveCfg = Release|x86
		{60FA2CF6-2BD8-4C2B-8FBA-48B2E2E483E1}.Release|x86.Build.0 = Release|x86
		{60FA2CF6-2BD8-4C2B-8FBA-48B2E2E483E1}.Release|x86.Deploy.0 = Release|x86
		{7C5CA78A-1137-414D-997C-E0B6B50C45EB}.Ad-Hoc|Any CPU.ActiveCfg = Debug|Any CPU
		{7C5CA78A-1137-414D-997C-E0B6B50C45EB}.Ad-Hoc|Any CPU.Build.0 = Debug|Any CPU
		{7C5CA78A-1137-414D-997C-E0B6B50C45EB}.Ad-Hoc|ARM.ActiveCfg = Debug|Any CPU
		{7C5CA78A-1137-414D-997C-E0B6B50C45EB}.Ad-Hoc|ARM.Build.0 = Debug|Any CPU
		{7C5CA78A-1137-414D-997C-E0B6B50C45EB}.Ad-Hoc|iPhone.ActiveCfg = Debug|Any CPU
		{7C5CA78A-1137-414D-997C-E0B6B50C45EB}.Ad-Hoc|iPhone.Build.0 = Debug|Any CPU
		{7C5CA78A-1137-414D-997C-E0B6B50C45EB}.Ad-Hoc|iPhoneSimulator.ActiveCfg = Debug|Any CPU
		{7C5CA78A-1137-414D-997C-E0B6B50C45EB}.Ad-Hoc|iPhoneSimulator.Build.0 = Debug|Any CPU
		{7C5CA78A-1137-414D-997C-E0B6B50C45EB}.Ad-Hoc|x64.ActiveCfg = Debug|Any CPU
		{7C5CA78A-1137-414D-997C-E0B6B50C45EB}.Ad-Hoc|x64.Build.0 = Debug|Any CPU
		{7C5CA78A-1137-414D-997C-E0B6B50C45EB}.Ad-Hoc|x86.ActiveCfg = Debug|Any CPU
		{7C5CA78A-1137-414D-997C-E0B6B50C45EB}.Ad-Hoc|x86.Build.0 = Debug|Any CPU
		{7C5CA78A-1137-414D-997C-E0B6B50C45EB}.AppStore|Any CPU.ActiveCfg = Debug|Any CPU
		{7C5CA78A-1137-414D-997C-E0B6B50C45EB}.AppStore|Any CPU.Build.0 = Debug|Any CPU
		{7C5CA78A-1137-414D-997C-E0B6B50C45EB}.AppStore|ARM.ActiveCfg = Debug|Any CPU
		{7C5CA78A-1137-414D-997C-E0B6B50C45EB}.AppStore|ARM.Build.0 = Debug|Any CPU
		{7C5CA78A-1137-414D-997C-E0B6B50C45EB}.AppStore|iPhone.ActiveCfg = Debug|Any CPU
		{7C5CA78A-1137-414D-997C-E0B6B50C45EB}.AppStore|iPhone.Build.0 = Debug|Any CPU
		{7C5CA78A-1137-414D-997C-E0B6B50C45EB}.AppStore|iPhoneSimulator.ActiveCfg = Debug|Any CPU
		{7C5CA78A-1137-414D-997C-E0B6B50C45EB}.AppStore|iPhoneSimulator.Build.0 = Debug|Any CPU
		{7C5CA78A-1137-414D-997C-E0B6B50C45EB}.AppStore|x64.ActiveCfg = Debug|Any CPU
		{7C5CA78A-1137-414D-997C-E0B6B50C45EB}.AppStore|x64.Build.0 = Debug|Any CPU
		{7C5CA78A-1137-414D-997C-E0B6B50C45EB}.AppStore|x86.ActiveCfg = Debug|Any CPU
		{7C5CA78A-1137-414D-997C-E0B6B50C45EB}.AppStore|x86.Build.0 = Debug|Any CPU
		{7C5CA78A-1137-414D-997C-E0B6B50C45EB}.Debug|Any CPU.ActiveCfg = Debug|Any CPU
		{7C5CA78A-1137-414D-997C-E0B6B50C45EB}.Debug|Any CPU.Build.0 = Debug|Any CPU
		{7C5CA78A-1137-414D-997C-E0B6B50C45EB}.Debug|ARM.ActiveCfg = Debug|Any CPU
		{7C5CA78A-1137-414D-997C-E0B6B50C45EB}.Debug|ARM.Build.0 = Debug|Any CPU
		{7C5CA78A-1137-414D-997C-E0B6B50C45EB}.Debug|iPhone.ActiveCfg = Debug|Any CPU
		{7C5CA78A-1137-414D-997C-E0B6B50C45EB}.Debug|iPhone.Build.0 = Debug|Any CPU
		{7C5CA78A-1137-414D-997C-E0B6B50C45EB}.Debug|iPhoneSimulator.ActiveCfg = Debug|Any CPU
		{7C5CA78A-1137-414D-997C-E0B6B50C45EB}.Debug|iPhoneSimulator.Build.0 = Debug|Any CPU
		{7C5CA78A-1137-414D-997C-E0B6B50C45EB}.Debug|x64.ActiveCfg = Debug|Any CPU
		{7C5CA78A-1137-414D-997C-E0B6B50C45EB}.Debug|x64.Build.0 = Debug|Any CPU
		{7C5CA78A-1137-414D-997C-E0B6B50C45EB}.Debug|x86.ActiveCfg = Debug|Any CPU
		{7C5CA78A-1137-414D-997C-E0B6B50C45EB}.Debug|x86.Build.0 = Debug|Any CPU
		{7C5CA78A-1137-414D-997C-E0B6B50C45EB}.Release|Any CPU.ActiveCfg = Release|Any CPU
		{7C5CA78A-1137-414D-997C-E0B6B50C45EB}.Release|Any CPU.Build.0 = Release|Any CPU
		{7C5CA78A-1137-414D-997C-E0B6B50C45EB}.Release|ARM.ActiveCfg = Release|Any CPU
		{7C5CA78A-1137-414D-997C-E0B6B50C45EB}.Release|ARM.Build.0 = Release|Any CPU
		{7C5CA78A-1137-414D-997C-E0B6B50C45EB}.Release|iPhone.ActiveCfg = Release|Any CPU
		{7C5CA78A-1137-414D-997C-E0B6B50C45EB}.Release|iPhone.Build.0 = Release|Any CPU
		{7C5CA78A-1137-414D-997C-E0B6B50C45EB}.Release|iPhoneSimulator.ActiveCfg = Release|Any CPU
		{7C5CA78A-1137-414D-997C-E0B6B50C45EB}.Release|iPhoneSimulator.Build.0 = Release|Any CPU
		{7C5CA78A-1137-414D-997C-E0B6B50C45EB}.Release|x64.ActiveCfg = Release|Any CPU
		{7C5CA78A-1137-414D-997C-E0B6B50C45EB}.Release|x64.Build.0 = Release|Any CPU
		{7C5CA78A-1137-414D-997C-E0B6B50C45EB}.Release|x86.ActiveCfg = Release|Any CPU
		{7C5CA78A-1137-414D-997C-E0B6B50C45EB}.Release|x86.Build.0 = Release|Any CPU
	EndGlobalSection
	GlobalSection(SolutionProperties) = preSolution
		HideSolutionNode = FALSE
	EndGlobalSection
	GlobalSection(ExtensibilityGlobals) = postSolution
		SolutionGuid = {CD19D6B0-37C7-46B4-9487-5FB52C998BE6}
	EndGlobalSection
EndGlobal
